// !$*UTF8*$!
{
	archiveVersion = 1;
	classes = {
	};
	objectVersion = 56;
	objects = {

/* Begin PBXBuildFile section */
		A5CF37D92AEEB1FD0063DA95 /* HealthAppConceptApp.swift in Sources */ = {isa = PBXBuildFile; fileRef = A5CF37D82AEEB1FD0063DA95 /* HealthAppConceptApp.swift */; };
		A5CF37DB2AEEB1FD0063DA95 /* ContentView.swift in Sources */ = {isa = PBXBuildFile; fileRef = A5CF37DA2AEEB1FD0063DA95 /* ContentView.swift */; };
		A5CF37DD2AEEB1FE0063DA95 /* Assets.xcassets in Resources */ = {isa = PBXBuildFile; fileRef = A5CF37DC2AEEB1FE0063DA95 /* Assets.xcassets */; };
		A5CF37E02AEEB1FE0063DA95 /* Preview Assets.xcassets in Resources */ = {isa = PBXBuildFile; fileRef = A5CF37DF2AEEB1FE0063DA95 /* Preview Assets.xcassets */; };
		A5CF37E82AEEB2FE0063DA95 /* StartView.swift in Sources */ = {isa = PBXBuildFile; fileRef = A5CF37E72AEEB2FE0063DA95 /* StartView.swift */; };
		A5CF37ED2AEEC2370063DA95 /* UserAvatar.swift in Sources */ = {isa = PBXBuildFile; fileRef = A5CF37EC2AEEC2370063DA95 /* UserAvatar.swift */; };
		A5CF37F02AEED4FC0063DA95 /* LoadingCircleBar.swift in Sources */ = {isa = PBXBuildFile; fileRef = A5CF37EF2AEED4FC0063DA95 /* LoadingCircleBar.swift */; };
/* End PBXBuildFile section */

/* Begin PBXFileReference section */
		A5CF37D52AEEB1FD0063DA95 /* HealthAppConcept.app */ = {isa = PBXFileReference; explicitFileType = wrapper.application; includeInIndex = 0; path = HealthAppConcept.app; sourceTree = BUILT_PRODUCTS_DIR; };
		A5CF37D82AEEB1FD0063DA95 /* HealthAppConceptApp.swift */ = {isa = PBXFileReference; lastKnownFileType = sourcecode.swift; path = HealthAppConceptApp.swift; sourceTree = "<group>"; };
		A5CF37DA2AEEB1FD0063DA95 /* ContentView.swift */ = {isa = PBXFileReference; lastKnownFileType = sourcecode.swift; path = ContentView.swift; sourceTree = "<group>"; };
		A5CF37DC2AEEB1FE0063DA95 /* Assets.xcassets */ = {isa = PBXFileReference; lastKnownFileType = folder.assetcatalog; path = Assets.xcassets; sourceTree = "<group>"; };
		A5CF37DF2AEEB1FE0063DA95 /* Preview Assets.xcassets */ = {isa = PBXFileReference; lastKnownFileType = folder.assetcatalog; path = "Preview Assets.xcassets"; sourceTree = "<group>"; };
		A5CF37E72AEEB2FE0063DA95 /* StartView.swift */ = {isa = PBXFileReference; lastKnownFileType = sourcecode.swift; path = StartView.swift; sourceTree = "<group>"; };
		A5CF37EC2AEEC2370063DA95 /* UserAvatar.swift */ = {isa = PBXFileReference; lastKnownFileType = sourcecode.swift; path = UserAvatar.swift; sourceTree = "<group>"; };
		A5CF37EF2AEED4FC0063DA95 /* LoadingCircleBar.swift */ = {isa = PBXFileReference; lastKnownFileType = sourcecode.swift; path = LoadingCircleBar.swift; sourceTree = "<group>"; };
/* End PBXFileReference section */

/* Begin PBXFrameworksBuildPhase section */
		A5CF37D22AEEB1FD0063DA95 /* Frameworks */ = {
			isa = PBXFrameworksBuildPhase;
			buildActionMask = 2147483647;
			files = (
			);
			runOnlyForDeploymentPostprocessing = 0;
		};
/* End PBXFrameworksBuildPhase section */

/* Begin PBXGroup section */
		A5CF37CC2AEEB1FD0063DA95 = {
			isa = PBXGroup;
			children = (
				A5CF37D72AEEB1FD0063DA95 /* HealthAppConcept */,
				A5CF37D62AEEB1FD0063DA95 /* Products */,
			);
			sourceTree = "<group>";
		};
		A5CF37D62AEEB1FD0063DA95 /* Products */ = {
			isa = PBXGroup;
			children = (
				A5CF37D52AEEB1FD0063DA95 /* HealthAppConcept.app */,
			);
			name = Products;
			sourceTree = "<group>";
		};
		A5CF37D72AEEB1FD0063DA95 /* HealthAppConcept */ = {
			isa = PBXGroup;
			children = (
				A5CF37E62AEEB2DE0063DA95 /* Common */,
				A5CF37D82AEEB1FD0063DA95 /* HealthAppConceptApp.swift */,
				A5CF37DA2AEEB1FD0063DA95 /* ContentView.swift */,
				A5CF37DC2AEEB1FE0063DA95 /* Assets.xcassets */,
				A5CF37DE2AEEB1FE0063DA95 /* Preview Content */,
			);
			path = HealthAppConcept;
			sourceTree = "<group>";
		};
		A5CF37DE2AEEB1FE0063DA95 /* Preview Content */ = {
			isa = PBXGroup;
			children = (
				A5CF37DF2AEEB1FE0063DA95 /* Preview Assets.xcassets */,
			);
			path = "Preview Content";
			sourceTree = "<group>";
		};
		A5CF37E62AEEB2DE0063DA95 /* Common */ = {
			isa = PBXGroup;
			children = (
				A5CF37EE2AEED4ED0063DA95 /* LoadingBar */,
				A5CF37E92AEEC1F20063DA95 /* Image */,
				A5CF37E72AEEB2FE0063DA95 /* StartView.swift */,
			);
			path = Common;
			sourceTree = "<group>";
		};
		A5CF37E92AEEC1F20063DA95 /* Image */ = {
			isa = PBXGroup;
			children = (
				A5CF37EC2AEEC2370063DA95 /* UserAvatar.swift */,
			);
			path = Image;
			sourceTree = "<group>";
		};
		A5CF37EE2AEED4ED0063DA95 /* LoadingBar */ = {
			isa = PBXGroup;
			children = (
				A5CF37EF2AEED4FC0063DA95 /* LoadingCircleBar.swift */,
			);
			path = LoadingBar;
			sourceTree = "<group>";
		};
/* End PBXGroup section */

/* Begin PBXNativeTarget section */
		A5CF37D42AEEB1FD0063DA95 /* HealthAppConcept */ = {
			isa = PBXNativeTarget;
			buildConfigurationList = A5CF37E32AEEB1FE0063DA95 /* Build configuration list for PBXNativeTarget "HealthAppConcept" */;
			buildPhases = (
				A5CF37D12AEEB1FD0063DA95 /* Sources */,
				A5CF37D22AEEB1FD0063DA95 /* Frameworks */,
				A5CF37D32AEEB1FD0063DA95 /* Resources */,
			);
			buildRules = (
			);
			dependencies = (
			);
			name = HealthAppConcept;
			productName = HealthAppConcept;
			productReference = A5CF37D52AEEB1FD0063DA95 /* HealthAppConcept.app */;
			productType = "com.apple.product-type.application";
		};
/* End PBXNativeTarget section */

/* Begin PBXProject section */
		A5CF37CD2AEEB1FD0063DA95 /* Project object */ = {
			isa = PBXProject;
			attributes = {
				BuildIndependentTargetsInParallel = 1;
				LastSwiftUpdateCheck = 1430;
				LastUpgradeCheck = 1430;
				TargetAttributes = {
					A5CF37D42AEEB1FD0063DA95 = {
						CreatedOnToolsVersion = 14.3.1;
					};
				};
			};
			buildConfigurationList = A5CF37D02AEEB1FD0063DA95 /* Build configuration list for PBXProject "HealthAppConcept" */;
			compatibilityVersion = "Xcode 14.0";
			developmentRegion = en;
			hasScannedForEncodings = 0;
			knownRegions = (
				en,
				Base,
			);
			mainGroup = A5CF37CC2AEEB1FD0063DA95;
			productRefGroup = A5CF37D62AEEB1FD0063DA95 /* Products */;
			projectDirPath = "";
			projectRoot = "";
			targets = (
				A5CF37D42AEEB1FD0063DA95 /* HealthAppConcept */,
			);
		};
/* End PBXProject section */

/* Begin PBXResourcesBuildPhase section */
		A5CF37D32AEEB1FD0063DA95 /* Resources */ = {
			isa = PBXResourcesBuildPhase;
			buildActionMask = 2147483647;
			files = (
				A5CF37E02AEEB1FE0063DA95 /* Preview Assets.xcassets in Resources */,
				A5CF37DD2AEEB1FE0063DA95 /* Assets.xcassets in Resources */,
			);
			runOnlyForDeploymentPostprocessing = 0;
		};
/* End PBXResourcesBuildPhase section */

/* Begin PBXSourcesBuildPhase section */
		A5CF37D12AEEB1FD0063DA95 /* Sources */ = {
			isa = PBXSourcesBuildPhase;
			buildActionMask = 2147483647;
			files = (
				A5CF37F02AEED4FC0063DA95 /* LoadingCircleBar.swift in Sources */,
				A5CF37E82AEEB2FE0063DA95 /* StartView.swift in Sources */,
				A5CF37ED2AEEC2370063DA95 /* UserAvatar.swift in Sources */,
				A5CF37DB2AEEB1FD0063DA95 /* ContentView.swift in Sources */,
				A5CF37D92AEEB1FD0063DA95 /* HealthAppConceptApp.swift in Sources */,
			);
			runOnlyForDeploymentPostprocessing = 0;
		};
/* End PBXSourcesBuildPhase section */

/* Begin XCBuildConfiguration section */
		A5CF37E12AEEB1FE0063DA95 /* Debug */ = {
			isa = XCBuildConfiguration;
			buildSettings = {
				ALWAYS_SEARCH_USER_PATHS = NO;
				CLANG_ANALYZER_NONNULL = YES;
				CLANG_ANALYZER_NUMBER_OBJECT_CONVERSION = YES_AGGRESSIVE;
				CLANG_CXX_LANGUAGE_STANDARD = "gnu++20";
				CLANG_ENABLE_MODULES = YES;
				CLANG_ENABLE_OBJC_ARC = YES;
				CLANG_ENABLE_OBJC_WEAK = YES;
				CLANG_WARN_BLOCK_CAPTURE_AUTORELEASING = YES;
				CLANG_WARN_BOOL_CONVERSION = YES;
				CLANG_WARN_COMMA = YES;
				CLANG_WARN_CONSTANT_CONVERSION = YES;
				CLANG_WARN_DEPRECATED_OBJC_IMPLEMENTATIONS = YES;
				CLANG_WARN_DIRECT_OBJC_ISA_USAGE = YES_ERROR;
				CLANG_WARN_DOCUMENTATION_COMMENTS = YES;
				CLANG_WARN_EMPTY_BODY = YES;
				CLANG_WARN_ENUM_CONVERSION = YES;
				CLANG_WARN_INFINITE_RECURSION = YES;
				CLANG_WARN_INT_CONVERSION = YES;
				CLANG_WARN_NON_LITERAL_NULL_CONVERSION = YES;
				CLANG_WARN_OBJC_IMPLICIT_RETAIN_SELF = YES;
				CLANG_WARN_OBJC_LITERAL_CONVERSION = YES;
				CLANG_WARN_OBJC_ROOT_CLASS = YES_ERROR;
				CLANG_WARN_QUOTED_INCLUDE_IN_FRAMEWORK_HEADER = YES;
				CLANG_WARN_RANGE_LOOP_ANALYSIS = YES;
				CLANG_WARN_STRICT_PROTOTYPES = YES;
				CLANG_WARN_SUSPICIOUS_MOVE = YES;
				CLANG_WARN_UNGUARDED_AVAILABILITY = YES_AGGRESSIVE;
				CLANG_WARN_UNREACHABLE_CODE = YES;
				CLANG_WARN__DUPLICATE_METHOD_MATCH = YES;
				COPY_PHASE_STRIP = NO;
				DEBUG_INFORMATION_FORMAT = dwarf;
				ENABLE_STRICT_OBJC_MSGSEND = YES;
				ENABLE_TESTABILITY = YES;
				GCC_C_LANGUAGE_STANDARD = gnu11;
				GCC_DYNAMIC_NO_PIC = NO;
				GCC_NO_COMMON_BLOCKS = YES;
				GCC_OPTIMIZATION_LEVEL = 0;
				GCC_PREPROCESSOR_DEFINITIONS = (
					"DEBUG=1",
					"$(inherited)",
				);
				GCC_WARN_64_TO_32_BIT_CONVERSION = YES;
				GCC_WARN_ABOUT_RETURN_TYPE = YES_ERROR;
				GCC_WARN_UNDECLARED_SELECTOR = YES;
				GCC_WARN_UNINITIALIZED_AUTOS = YES_AGGRESSIVE;
				GCC_WARN_UNUSED_FUNCTION = YES;
				GCC_WARN_UNUSED_VARIABLE = YES;
				IPHONEOS_DEPLOYMENT_TARGET = 16.4;
				MTL_ENABLE_DEBUG_INFO = INCLUDE_SOURCE;
				MTL_FAST_MATH = YES;
				ONLY_ACTIVE_ARCH = YES;
				SDKROOT = iphoneos;
				SWIFT_ACTIVE_COMPILATION_CONDITIONS = DEBUG;
				SWIFT_OPTIMIZATION_LEVEL = "-Onone";
			};
			name = Debug;
		};
		A5CF37E22AEEB1FE0063DA95 /* Release */ = {
			isa = XCBuildConfiguration;
			buildSettings = {
				ALWAYS_SEARCH_USER_PATHS = NO;
				CLANG_ANALYZER_NONNULL = YES;
				CLANG_ANALYZER_NUMBER_OBJECT_CONVERSION = YES_AGGRESSIVE;
				CLANG_CXX_LANGUAGE_STANDARD = "gnu++20";
				CLANG_ENABLE_MODULES = YES;
				CLANG_ENABLE_OBJC_ARC = YES;
				CLANG_ENABLE_OBJC_WEAK = YES;
				CLANG_WARN_BLOCK_CAPTURE_AUTORELEASING = YES;
				CLANG_WARN_BOOL_CONVERSION = YES;
				CLANG_WARN_COMMA = YES;
				CLANG_WARN_CONSTANT_CONVERSION = YES;
				CLANG_WARN_DEPRECATED_OBJC_IMPLEMENTATIONS = YES;
				CLANG_WARN_DIRECT_OBJC_ISA_USAGE = YES_ERROR;
				CLANG_WARN_DOCUMENTATION_COMMENTS = YES;
				CLANG_WARN_EMPTY_BODY = YES;
				CLANG_WARN_ENUM_CONVERSION = YES;
				CLANG_WARN_INFINITE_RECURSION = YES;
				CLANG_WARN_INT_CONVERSION = YES;
				CLANG_WARN_NON_LITERAL_NULL_CONVERSION = YES;
				CLANG_WARN_OBJC_IMPLICIT_RETAIN_SELF = YES;
				CLANG_WARN_OBJC_LITERAL_CONVERSION = YES;
				CLANG_WARN_OBJC_ROOT_CLASS = YES_ERROR;
				CLANG_WARN_QUOTED_INCLUDE_IN_FRAMEWORK_HEADER = YES;
				CLANG_WARN_RANGE_LOOP_ANALYSIS = YES;
				CLANG_WARN_STRICT_PROTOTYPES = YES;
				CLANG_WARN_SUSPICIOUS_MOVE = YES;
				CLANG_WARN_UNGUARDED_AVAILABILITY = YES_AGGRESSIVE;
				CLANG_WARN_UNREACHABLE_CODE = YES;
				CLANG_WARN__DUPLICATE_METHOD_MATCH = YES;
				COPY_PHASE_STRIP = NO;
				DEBUG_INFORMATION_FORMAT = "dwarf-with-dsym";
				ENABLE_NS_ASSERTIONS = NO;
				ENABLE_STRICT_OBJC_MSGSEND = YES;
				GCC_C_LANGUAGE_STANDARD = gnu11;
				GCC_NO_COMMON_BLOCKS = YES;
				GCC_WARN_64_TO_32_BIT_CONVERSION = YES;
				GCC_WARN_ABOUT_RETURN_TYPE = YES_ERROR;
				GCC_WARN_UNDECLARED_SELECTOR = YES;
				GCC_WARN_UNINITIALIZED_AUTOS = YES_AGGRESSIVE;
				GCC_WARN_UNUSED_FUNCTION = YES;
				GCC_WARN_UNUSED_VARIABLE = YES;
				IPHONEOS_DEPLOYMENT_TARGET = 16.4;
				MTL_ENABLE_DEBUG_INFO = NO;
				MTL_FAST_MATH = YES;
				SDKROOT = iphoneos;
				SWIFT_COMPILATION_MODE = wholemodule;
				SWIFT_OPTIMIZATION_LEVEL = "-O";
				VALIDATE_PRODUCT = YES;
			};
			name = Release;
		};
		A5CF37E42AEEB1FE0063DA95 /* Debug */ = {
			isa = XCBuildConfiguration;
			buildSettings = {
				ASSETCATALOG_COMPILER_APPICON_NAME = AppIcon;
				ASSETCATALOG_COMPILER_GLOBAL_ACCENT_COLOR_NAME = AccentColor;
				CODE_SIGN_STYLE = Automatic;
				CURRENT_PROJECT_VERSION = 1;
				DEVELOPMENT_ASSET_PATHS = "\"HealthAppConcept/Preview Content\"";
				DEVELOPMENT_TEAM = FSAT3VNUKD;
				ENABLE_PREVIEWS = YES;
				GENERATE_INFOPLIST_FILE = YES;
				INFOPLIST_KEY_UIApplicationSceneManifest_Generation = YES;
				INFOPLIST_KEY_UIApplicationSupportsIndirectInputEvents = YES;
				INFOPLIST_KEY_UILaunchScreen_Generation = YES;
				INFOPLIST_KEY_UISupportedInterfaceOrientations_iPad = "UIInterfaceOrientationPortrait UIInterfaceOrientationPortraitUpsideDown UIInterfaceOrientationLandscapeLeft UIInterfaceOrientationLandscapeRight";
				INFOPLIST_KEY_UISupportedInterfaceOrientations_iPhone = "UIInterfaceOrientationPortrait UIInterfaceOrientationLandscapeLeft UIInterfaceOrientationLandscapeRight";
				LD_RUNPATH_SEARCH_PATHS = (
					"$(inherited)",
					"@executable_path/Frameworks",
				);
				MARKETING_VERSION = 1.0;
				PRODUCT_BUNDLE_IDENTIFIER = com.arval.HealthAppConcept;
				PRODUCT_NAME = "$(TARGET_NAME)";
				SWIFT_EMIT_LOC_STRINGS = YES;
				SWIFT_VERSION = 5.0;
				TARGETED_DEVICE_FAMILY = "1,2";
			};
			name = Debug;
		};
		A5CF37E52AEEB1FE0063DA95 /* Release */ = {
			isa = XCBuildConfiguration;
			buildSettings = {
				ASSETCATALOG_COMPILER_APPICON_NAME = AppIcon;
				ASSETCATALOG_COMPILER_GLOBAL_ACCENT_COLOR_NAME = AccentColor;
				CODE_SIGN_STYLE = Automatic;
				CURRENT_PROJECT_VERSION = 1;
				DEVELOPMENT_ASSET_PATHS = "\"HealthAppConcept/Preview Content\"";
				DEVELOPMENT_TEAM = FSAT3VNUKD;
				ENABLE_PREVIEWS = YES;
				GENERATE_INFOPLIST_FILE = YES;
				INFOPLIST_KEY_UIApplicationSceneManifest_Generation = YES;
				INFOPLIST_KEY_UIApplicationSupportsIndirectInputEvents = YES;
				INFOPLIST_KEY_UILaunchScreen_Generation = YES;
				INFOPLIST_KEY_UISupportedInterfaceOrientations_iPad = "UIInterfaceOrientationPortrait UIInterfaceOrientationPortraitUpsideDown UIInterfaceOrientationLandscapeLeft UIInterfaceOrientationLandscapeRight";
				INFOPLIST_KEY_UISupportedInterfaceOrientations_iPhone = "UIInterfaceOrientationPortrait UIInterfaceOrientationLandscapeLeft UIInterfaceOrientationLandscapeRight";
				LD_RUNPATH_SEARCH_PATHS = (
					"$(inherited)",
					"@executable_path/Frameworks",
				);
				MARKETING_VERSION = 1.0;
				PRODUCT_BUNDLE_IDENTIFIER = com.arval.HealthAppConcept;
				PRODUCT_NAME = "$(TARGET_NAME)";
				SWIFT_EMIT_LOC_STRINGS = YES;
				SWIFT_VERSION = 5.0;
				TARGETED_DEVICE_FAMILY = "1,2";
			};
			name = Release;
		};
/* End XCBuildConfiguration section */

/* Begin XCConfigurationList section */
		A5CF37D02AEEB1FD0063DA95 /* Build configuration list for PBXProject "HealthAppConcept" */ = {
			isa = XCConfigurationList;
			buildConfigurations = (
				A5CF37E12AEEB1FE0063DA95 /* Debug */,
				A5CF37E22AEEB1FE0063DA95 /* Release */,
			);
			defaultConfigurationIsVisible = 0;
			defaultConfigurationName = Release;
		};
		A5CF37E32AEEB1FE0063DA95 /* Build configuration list for PBXNativeTarget "HealthAppConcept" */ = {
			isa = XCConfigurationList;
			buildConfigurations = (
				A5CF37E42AEEB1FE0063DA95 /* Debug */,
				A5CF37E52AEEB1FE0063DA95 /* Release */,
			);
			defaultConfigurationIsVisible = 0;
			defaultConfigurationName = Release;
		};
/* End XCConfigurationList section */
	};
	rootObject = A5CF37CD2AEEB1FD0063DA95 /* Project object */;
}
